PODS:
  - Alamofire (4.4.0)
  - FSCalendar (2.7.9)
  - Realm (2.8.3):
    - Realm/Headers (= 2.8.3)
  - Realm/Headers (2.8.3)
  - RealmSwift (2.8.3):
    - Realm (= 2.8.3)
  - Spring (1.0.3)
  - SwiftSpinner (1.3.0)
  - SwiftyDropbox (4.1.2):
    - Alamofire (~> 4.4.0)
  - WSTagsField (2.1.2)
  - Zip (0.7.0)

DEPENDENCIES:
  - FSCalendar
  - RealmSwift
  - Spring (from `https://github.com/MengTo/Spring.git`, branch `swift3`)
  - SwiftSpinner
  - SwiftyDropbox
  - WSTagsField
  - Zip (~> 0.7)

EXTERNAL SOURCES:
  Spring:
    :branch: swift3
    :git: https://github.com/MengTo/Spring.git

CHECKOUT OPTIONS:
  Spring:
    :commit: 8201b5c93bd7ebdf4cd18160bcde1e6e88c2be64
    :git: https://github.com/MengTo/Spring.git

SPEC CHECKSUMS:
  Alamofire: dc44b1600b800eb63da6a19039a0083d62a6a62d
  FSCalendar: a04b09f16f811bc92e82f3cf852a15225233b9d5
  Realm: 3601ef091c8c499a31101d8563b991e75546cdce
  RealmSwift: 8183818515471b01a99abdd2970f8e4fd52b6f4a
  Spring: 3f02b5dc3308572ef177b3cad0fa7bbc4b0706f7
  SwiftSpinner: c249fffed3e74b5f3e6492dcc05d6bc1525a8220
  SwiftyDropbox: eb79d166c2850e50eed01c280c7c64b4b69c50a5
  WSTagsField: 3abc2553b94cd5caeb7fe5ba5e4668772714bbe8
  Zip: e34513299ac38c0686d5b24504da7ce343799ab9

PODFILE CHECKSUM: ed587af44615b027f1117a19bf2cd63104af40c0

COCOAPODS: 1.3.1
